// !$*UTF8*$!
{
	archiveVersion = 1;
	classes = {
	};
	objectVersion = 48;
	objects = {

/* Begin PBXBuildFile section */
		6422051135A10BAFF3A89009 /* Pods_SkyWaySFUSample.framework in Frameworks */ = {isa = PBXBuildFile; fileRef = 340EC5A4FF02390A65C6C509 /* Pods_SkyWaySFUSample.framework */; };
		BD960D7F2009E0940016C0FC /* AppDelegate.swift in Sources */ = {isa = PBXBuildFile; fileRef = BD960D7E2009E0940016C0FC /* AppDelegate.swift */; };
		BD960D812009E0940016C0FC /* ViewController.swift in Sources */ = {isa = PBXBuildFile; fileRef = BD960D802009E0940016C0FC /* ViewController.swift */; };
		BD960D842009E0940016C0FC /* Main.storyboard in Resources */ = {isa = PBXBuildFile; fileRef = BD960D822009E0940016C0FC /* Main.storyboard */; };
		BD960D862009E0940016C0FC /* Assets.xcassets in Resources */ = {isa = PBXBuildFile; fileRef = BD960D852009E0940016C0FC /* Assets.xcassets */; };
		BD960D892009E0940016C0FC /* LaunchScreen.storyboard in Resources */ = {isa = PBXBuildFile; fileRef = BD960D872009E0940016C0FC /* LaunchScreen.storyboard */; };
/* End PBXBuildFile section */

/* Begin PBXFileReference section */
		340EC5A4FF02390A65C6C509 /* Pods_SkyWaySFUSample.framework */ = {isa = PBXFileReference; explicitFileType = wrapper.framework; includeInIndex = 0; path = Pods_SkyWaySFUSample.framework; sourceTree = BUILT_PRODUCTS_DIR; };
		B34BC0A9467BFE308F281F58 /* Pods-SkyWaySFUSample.release.xcconfig */ = {isa = PBXFileReference; includeInIndex = 1; lastKnownFileType = text.xcconfig; name = "Pods-SkyWaySFUSample.release.xcconfig"; path = "Pods/Target Support Files/Pods-SkyWaySFUSample/Pods-SkyWaySFUSample.release.xcconfig"; sourceTree = "<group>"; };
		BD960D7B2009E0940016C0FC /* SkyWaySFUSample.app */ = {isa = PBXFileReference; explicitFileType = wrapper.application; includeInIndex = 0; path = SkyWaySFUSample.app; sourceTree = BUILT_PRODUCTS_DIR; };
		BD960D7E2009E0940016C0FC /* AppDelegate.swift */ = {isa = PBXFileReference; lastKnownFileType = sourcecode.swift; path = AppDelegate.swift; sourceTree = "<group>"; };
		BD960D802009E0940016C0FC /* ViewController.swift */ = {isa = PBXFileReference; lastKnownFileType = sourcecode.swift; path = ViewController.swift; sourceTree = "<group>"; };
		BD960D832009E0940016C0FC /* Base */ = {isa = PBXFileReference; lastKnownFileType = file.storyboard; name = Base; path = Base.lproj/Main.storyboard; sourceTree = "<group>"; };
		BD960D852009E0940016C0FC /* Assets.xcassets */ = {isa = PBXFileReference; lastKnownFileType = folder.assetcatalog; path = Assets.xcassets; sourceTree = "<group>"; };
		BD960D882009E0940016C0FC /* Base */ = {isa = PBXFileReference; lastKnownFileType = file.storyboard; name = Base; path = Base.lproj/LaunchScreen.storyboard; sourceTree = "<group>"; };
		BD960D8A2009E0940016C0FC /* Info.plist */ = {isa = PBXFileReference; lastKnownFileType = text.plist.xml; path = Info.plist; sourceTree = "<group>"; };
		C2A26255EC169F37DC66F43C /* Pods-SkyWaySFUSample.debug.xcconfig */ = {isa = PBXFileReference; includeInIndex = 1; lastKnownFileType = text.xcconfig; name = "Pods-SkyWaySFUSample.debug.xcconfig"; path = "Pods/Target Support Files/Pods-SkyWaySFUSample/Pods-SkyWaySFUSample.debug.xcconfig"; sourceTree = "<group>"; };
/* End PBXFileReference section */

/* Begin PBXFrameworksBuildPhase section */
		BD960D782009E0940016C0FC /* Frameworks */ = {
			isa = PBXFrameworksBuildPhase;
			buildActionMask = 2147483647;
			files = (
				6422051135A10BAFF3A89009 /* Pods_SkyWaySFUSample.framework in Frameworks */,
			);
			runOnlyForDeploymentPostprocessing = 0;
		};
/* End PBXFrameworksBuildPhase section */

/* Begin PBXGroup section */
		7987F269A437FEFC8B854F46 /* Pods */ = {
			isa = PBXGroup;
			children = (
				C2A26255EC169F37DC66F43C /* Pods-SkyWaySFUSample.debug.xcconfig */,
				B34BC0A9467BFE308F281F58 /* Pods-SkyWaySFUSample.release.xcconfig */,
			);
			name = Pods;
			sourceTree = "<group>";
		};
		7F0C95CD1E4843B761B4BD7F /* Frameworks */ = {
			isa = PBXGroup;
			children = (
				340EC5A4FF02390A65C6C509 /* Pods_SkyWaySFUSample.framework */,
			);
			name = Frameworks;
			sourceTree = "<group>";
		};
		BD960D722009E0930016C0FC = {
			isa = PBXGroup;
			children = (
				BD960D7D2009E0940016C0FC /* SkyWaySFUSample */,
				BD960D7C2009E0940016C0FC /* Products */,
				7987F269A437FEFC8B854F46 /* Pods */,
				7F0C95CD1E4843B761B4BD7F /* Frameworks */,
			);
			sourceTree = "<group>";
		};
		BD960D7C2009E0940016C0FC /* Products */ = {
			isa = PBXGroup;
			children = (
				BD960D7B2009E0940016C0FC /* SkyWaySFUSample.app */,
			);
			name = Products;
			sourceTree = "<group>";
		};
		BD960D7D2009E0940016C0FC /* SkyWaySFUSample */ = {
			isa = PBXGroup;
			children = (
				BD960D7E2009E0940016C0FC /* AppDelegate.swift */,
				BD960D802009E0940016C0FC /* ViewController.swift */,
				BD960D822009E0940016C0FC /* Main.storyboard */,
				BD960D852009E0940016C0FC /* Assets.xcassets */,
				BD960D872009E0940016C0FC /* LaunchScreen.storyboard */,
				BD960D8A2009E0940016C0FC /* Info.plist */,
			);
			path = SkyWaySFUSample;
			sourceTree = "<group>";
		};
/* End PBXGroup section */

/* Begin PBXNativeTarget section */
		BD960D7A2009E0940016C0FC /* SkyWaySFUSample */ = {
			isa = PBXNativeTarget;
			buildConfigurationList = BD960D8D2009E0940016C0FC /* Build configuration list for PBXNativeTarget "SkyWaySFUSample" */;
			buildPhases = (
				48E8097FE52C4D1ED4E07DE0 /* [CP] Check Pods Manifest.lock */,
				BD960D772009E0940016C0FC /* Sources */,
				BD960D782009E0940016C0FC /* Frameworks */,
				BD960D792009E0940016C0FC /* Resources */,
				D9F45EBE7D1FCD3E7F1D6F99 /* [CP] Embed Pods Frameworks */,
				B2EDB97B2C04DA66E7B57EBC /* [CP] Copy Pods Resources */,
			);
			buildRules = (
			);
			dependencies = (
			);
			name = SkyWaySFUSample;
			productName = SkyWaySFUSample;
			productReference = BD960D7B2009E0940016C0FC /* SkyWaySFUSample.app */;
			productType = "com.apple.product-type.application";
		};
/* End PBXNativeTarget section */

/* Begin PBXProject section */
		BD960D732009E0930016C0FC /* Project object */ = {
			isa = PBXProject;
			attributes = {
				LastSwiftUpdateCheck = 0920;
				LastUpgradeCheck = 0920;
				ORGANIZATIONNAME = taminif;
				TargetAttributes = {
					BD960D7A2009E0940016C0FC = {
						CreatedOnToolsVersion = 9.2;
						ProvisioningStyle = Automatic;
					};
				};
			};
			buildConfigurationList = BD960D762009E0930016C0FC /* Build configuration list for PBXProject "SkyWaySFUSample" */;
			compatibilityVersion = "Xcode 8.0";
			developmentRegion = en;
			hasScannedForEncodings = 0;
			knownRegions = (
				en,
				Base,
			);
			mainGroup = BD960D722009E0930016C0FC;
			productRefGroup = BD960D7C2009E0940016C0FC /* Products */;
			projectDirPath = "";
			projectRoot = "";
			targets = (
				BD960D7A2009E0940016C0FC /* SkyWaySFUSample */,
			);
		};
/* End PBXProject section */

/* Begin PBXResourcesBuildPhase section */
		BD960D792009E0940016C0FC /* Resources */ = {
			isa = PBXResourcesBuildPhase;
			buildActionMask = 2147483647;
			files = (
				BD960D892009E0940016C0FC /* LaunchScreen.storyboard in Resources */,
				BD960D862009E0940016C0FC /* Assets.xcassets in Resources */,
				BD960D842009E0940016C0FC /* Main.storyboard in Resources */,
			);
			runOnlyForDeploymentPostprocessing = 0;
		};
/* End PBXResourcesBuildPhase section */

/* Begin PBXShellScriptBuildPhase section */
		48E8097FE52C4D1ED4E07DE0 /* [CP] Check Pods Manifest.lock */ = {
			isa = PBXShellScriptBuildPhase;
			buildActionMask = 2147483647;
			files = (
			);
			inputPaths = (
				"${PODS_PODFILE_DIR_PATH}/Podfile.lock",
				"${PODS_ROOT}/Manifest.lock",
			);
			name = "[CP] Check Pods Manifest.lock";
			outputPaths = (
				"$(DERIVED_FILE_DIR)/Pods-SkyWaySFUSample-checkManifestLockResult.txt",
			);
			runOnlyForDeploymentPostprocessing = 0;
			shellPath = /bin/sh;
			shellScript = "diff \"${PODS_PODFILE_DIR_PATH}/Podfile.lock\" \"${PODS_ROOT}/Manifest.lock\" > /dev/null\nif [ $? != 0 ] ; then\n    # print error to STDERR\n    echo \"error: The sandbox is not in sync with the Podfile.lock. Run 'pod install' or update your CocoaPods installation.\" >&2\n    exit 1\nfi\n# This output is used by Xcode 'outputs' to avoid re-running this script phase.\necho \"SUCCESS\" > \"${SCRIPT_OUTPUT_FILE_0}\"\n";
			showEnvVarsInLog = 0;
		};
		B2EDB97B2C04DA66E7B57EBC /* [CP] Copy Pods Resources */ = {
			isa = PBXShellScriptBuildPhase;
			buildActionMask = 2147483647;
			files = (
			);
			inputPaths = (
			);
			name = "[CP] Copy Pods Resources";
			outputPaths = (
			);
			runOnlyForDeploymentPostprocessing = 0;
			shellPath = /bin/sh;
			shellScript = "\"${SRCROOT}/Pods/Target Support Files/Pods-SkyWaySFUSample/Pods-SkyWaySFUSample-resources.sh\"\n";
			showEnvVarsInLog = 0;
		};
		D9F45EBE7D1FCD3E7F1D6F99 /* [CP] Embed Pods Frameworks */ = {
			isa = PBXShellScriptBuildPhase;
			buildActionMask = 2147483647;
			files = (
			);
			inputPaths = (
				"${SRCROOT}/Pods/Target Support Files/Pods-SkyWaySFUSample/Pods-SkyWaySFUSample-frameworks.sh",
				"${PODS_ROOT}/SkyWay/SkyWay.framework",
			);
			name = "[CP] Embed Pods Frameworks";
			outputPaths = (
				"${TARGET_BUILD_DIR}/${FRAMEWORKS_FOLDER_PATH}/SkyWay.framework",
			);
			runOnlyForDeploymentPostprocessing = 0;
			shellPath = /bin/sh;
			shellScript = "\"${SRCROOT}/Pods/Target Support Files/Pods-SkyWaySFUSample/Pods-SkyWaySFUSample-frameworks.sh\"\n";
			showEnvVarsInLog = 0;
		};
/* End PBXShellScriptBuildPhase section */

/* Begin PBXSourcesBuildPhase section */
		BD960D772009E0940016C0FC /* Sources */ = {
			isa = PBXSourcesBuildPhase;
			buildActionMask = 2147483647;
			files = (
				BD960D812009E0940016C0FC /* ViewController.swift in Sources */,
				BD960D7F2009E0940016C0FC /* AppDelegate.swift in Sources */,
			);
			runOnlyForDeploymentPostprocessing = 0;
		};
/* End PBXSourcesBuildPhase section */

/* Begin PBXVariantGroup section */
		BD960D822009E0940016C0FC /* Main.storyboard */ = {
			isa = PBXVariantGroup;
			children = (
				BD960D832009E0940016C0FC /* Base */,
			);
			name = Main.storyboard;
			sourceTree = "<group>";
		};
		BD960D872009E0940016C0FC /* LaunchScreen.storyboard */ = {
			isa = PBXVariantGroup;
			children = (
				BD960D882009E0940016C0FC /* Base */,
			);
			name = LaunchScreen.storyboard;
			sourceTree = "<group>";
		};
/* End PBXVariantGroup section */

/* Begin XCBuildConfiguration section */
		BD960D8B2009E0940016C0FC /* Debug */ = {
			isa = XCBuildConfiguration;
			buildSettings = {
				ALWAYS_SEARCH_USER_PATHS = NO;
				CLANG_ANALYZER_NONNULL = YES;
				CLANG_ANALYZER_NUMBER_OBJECT_CONVERSION = YES_AGGRESSIVE;
				CLANG_CXX_LANGUAGE_STANDARD = "gnu++14";
				CLANG_CXX_LIBRARY = "libc++";
				CLANG_ENABLE_MODULES = YES;
				CLANG_ENABLE_OBJC_ARC = YES;
				CLANG_WARN_BLOCK_CAPTURE_AUTORELEASING = YES;
				CLANG_WARN_BOOL_CONVERSION = YES;
				CLANG_WARN_COMMA = YES;
				CLANG_WARN_CONSTANT_CONVERSION = YES;
				CLANG_WARN_DIRECT_OBJC_ISA_USAGE = YES_ERROR;
				CLANG_WARN_DOCUMENTATION_COMMENTS = YES;
				CLANG_WARN_EMPTY_BODY = YES;
				CLANG_WARN_ENUM_CONVERSION = YES;
				CLANG_WARN_INFINITE_RECURSION = YES;
				CLANG_WARN_INT_CONVERSION = YES;
				CLANG_WARN_NON_LITERAL_NULL_CONVERSION = YES;
				CLANG_WARN_OBJC_LITERAL_CONVERSION = YES;
				CLANG_WARN_OBJC_ROOT_CLASS = YES_ERROR;
				CLANG_WARN_RANGE_LOOP_ANALYSIS = YES;
				CLANG_WARN_STRICT_PROTOTYPES = YES;
				CLANG_WARN_SUSPICIOUS_MOVE = YES;
				CLANG_WARN_UNGUARDED_AVAILABILITY = YES_AGGRESSIVE;
				CLANG_WARN_UNREACHABLE_CODE = YES;
				CLANG_WARN__DUPLICATE_METHOD_MATCH = YES;
				CODE_SIGN_IDENTITY = "iPhone Developer";
				COPY_PHASE_STRIP = NO;
				DEBUG_INFORMATION_FORMAT = dwarf;
				ENABLE_STRICT_OBJC_MSGSEND = YES;
				ENABLE_TESTABILITY = YES;
				GCC_C_LANGUAGE_STANDARD = gnu11;
				GCC_DYNAMIC_NO_PIC = NO;
				GCC_NO_COMMON_BLOCKS = YES;
				GCC_OPTIMIZATION_LEVEL = 0;
				GCC_PREPROCESSOR_DEFINITIONS = (
					"DEBUG=1",
					"$(inherited)",
				);
				GCC_WARN_64_TO_32_BIT_CONVERSION = YES;
				GCC_WARN_ABOUT_RETURN_TYPE = YES_ERROR;
				GCC_WARN_UNDECLARED_SELECTOR = YES;
				GCC_WARN_UNINITIALIZED_AUTOS = YES_AGGRESSIVE;
				GCC_WARN_UNUSED_FUNCTION = YES;
				GCC_WARN_UNUSED_VARIABLE = YES;
				IPHONEOS_DEPLOYMENT_TARGET = 11.2;
				MTL_ENABLE_DEBUG_INFO = YES;
				ONLY_ACTIVE_ARCH = YES;
				SDKROOT = iphoneos;
				SWIFT_ACTIVE_COMPILATION_CONDITIONS = DEBUG;
				SWIFT_OPTIMIZATION_LEVEL = "-Onone";
			};
			name = Debug;
		};
		BD960D8C2009E0940016C0FC /* Release */ = {
			isa = XCBuildConfiguration;
			buildSettings = {
				ALWAYS_SEARCH_USER_PATHS = NO;
				CLANG_ANALYZER_NONNULL = YES;
				CLANG_ANALYZER_NUMBER_OBJECT_CONVERSION = YES_AGGRESSIVE;
				CLANG_CXX_LANGUAGE_STANDARD = "gnu++14";
				CLANG_CXX_LIBRARY = "libc++";
				CLANG_ENABLE_MODULES = YES;
				CLANG_ENABLE_OBJC_ARC = YES;
				CLANG_WARN_BLOCK_CAPTURE_AUTORELEASING = YES;
				CLANG_WARN_BOOL_CONVERSION = YES;
				CLANG_WARN_COMMA = YES;
				CLANG_WARN_CONSTANT_CONVERSION = YES;
				CLANG_WARN_DIRECT_OBJC_ISA_USAGE = YES_ERROR;
				CLANG_WARN_DOCUMENTATION_COMMENTS = YES;
				CLANG_WARN_EMPTY_BODY = YES;
				CLANG_WARN_ENUM_CONVERSION = YES;
				CLANG_WARN_INFINITE_RECURSION = YES;
				CLANG_WARN_INT_CONVERSION = YES;
				CLANG_WARN_NON_LITERAL_NULL_CONVERSION = YES;
				CLANG_WARN_OBJC_LITERAL_CONVERSION = YES;
				CLANG_WARN_OBJC_ROOT_CLASS = YES_ERROR;
				CLANG_WARN_RANGE_LOOP_ANALYSIS = YES;
				CLANG_WARN_STRICT_PROTOTYPES = YES;
				CLANG_WARN_SUSPICIOUS_MOVE = YES;
				CLANG_WARN_UNGUARDED_AVAILABILITY = YES_AGGRESSIVE;
				CLANG_WARN_UNREACHABLE_CODE = YES;
				CLANG_WARN__DUPLICATE_METHOD_MATCH = YES;
				CODE_SIGN_IDENTITY = "iPhone Developer";
				COPY_PHASE_STRIP = NO;
				DEBUG_INFORMATION_FORMAT = "dwarf-with-dsym";
				ENABLE_NS_ASSERTIONS = NO;
				ENABLE_STRICT_OBJC_MSGSEND = YES;
				GCC_C_LANGUAGE_STANDARD = gnu11;
				GCC_NO_COMMON_BLOCKS = YES;
				GCC_WARN_64_TO_32_BIT_CONVERSION = YES;
				GCC_WARN_ABOUT_RETURN_TYPE = YES_ERROR;
				GCC_WARN_UNDECLARED_SELECTOR = YES;
				GCC_WARN_UNINITIALIZED_AUTOS = YES_AGGRESSIVE;
				GCC_WARN_UNUSED_FUNCTION = YES;
				GCC_WARN_UNUSED_VARIABLE = YES;
				IPHONEOS_DEPLOYMENT_TARGET = 11.2;
				MTL_ENABLE_DEBUG_INFO = NO;
				SDKROOT = iphoneos;
				SWIFT_OPTIMIZATION_LEVEL = "-Owholemodule";
				VALIDATE_PRODUCT = YES;
			};
			name = Release;
		};
		BD960D8E2009E0940016C0FC /* Debug */ = {
			isa = XCBuildConfiguration;
			baseConfigurationReference = C2A26255EC169F37DC66F43C /* Pods-SkyWaySFUSample.debug.xcconfig */;
			buildSettings = {
				ASSETCATALOG_COMPILER_APPICON_NAME = AppIcon;
				CODE_SIGN_STYLE = Automatic;
				DEVELOPMENT_TEAM = 2SSUJHC4H4;
				ENABLE_BITCODE = NO;
				INFOPLIST_FILE = SkyWaySFUSample/Info.plist;
				IPHONEOS_DEPLOYMENT_TARGET = 10.0;
				LD_RUNPATH_SEARCH_PATHS = "$(inherited) @executable_path/Frameworks";
				PRODUCT_BUNDLE_IDENTIFIER = taminif.SkyWaySFUSample;
				PRODUCT_NAME = "$(TARGET_NAME)";
				SWIFT_VERSION = 4.0;
				TARGETED_DEVICE_FAMILY = "1,2";
			};
			name = Debug;
		};
		BD960D8F2009E0940016C0FC /* Release */ = {
			isa = XCBuildConfiguration;
			baseConfigurationReference = B34BC0A9467BFE308F281F58 /* Pods-SkyWaySFUSample.release.xcconfig */;
			buildSettings = {
				ASSETCATALOG_COMPILER_APPICON_NAME = AppIcon;
				CODE_SIGN_STYLE = Automatic;
				DEVELOPMENT_TEAM = 2SSUJHC4H4;
				ENABLE_BITCODE = NO;
				INFOPLIST_FILE = SkyWaySFUSample/Info.plist;
				IPHONEOS_DEPLOYMENT_TARGET = 10.0;
				LD_RUNPATH_SEARCH_PATHS = "$(inherited) @executable_path/Frameworks";
				PRODUCT_BUNDLE_IDENTIFIER = taminif.SkyWaySFUSample;
				PRODUCT_NAME = "$(TARGET_NAME)";
				SWIFT_VERSION = 4.0;
				TARGETED_DEVICE_FAMILY = "1,2";
			};
			name = Release;
		};
/* End XCBuildConfiguration section */

/* Begin XCConfigurationList section */
		BD960D762009E0930016C0FC /* Build configuration list for PBXProject "SkyWaySFUSample" */ = {
			isa = XCConfigurationList;
			buildConfigurations = (
				BD960D8B2009E0940016C0FC /* Debug */,
				BD960D8C2009E0940016C0FC /* Release */,
			);
			defaultConfigurationIsVisible = 0;
			defaultConfigurationName = Release;
		};
		BD960D8D2009E0940016C0FC /* Build configuration list for PBXNativeTarget "SkyWaySFUSample" */ = {
			isa = XCConfigurationList;
			buildConfigurations = (
				BD960D8E2009E0940016C0FC /* Debug */,
				BD960D8F2009E0940016C0FC /* Release */,
			);
			defaultConfigurationIsVisible = 0;
			defaultConfigurationName = Release;
		};
/* End XCConfigurationList section */
	};
	rootObject = BD960D732009E0930016C0FC /* Project object */;
}
